
Microsoft Visual Studio Solution File, Format Version 12.00
# Visual Studio Version 17
VisualStudioVersion = 17.13.35919.96 d17.13
MinimumVisualStudioVersion = 10.0.40219.1
Project("{FAE04EC0-301F-11D3-BF4B-00C04F79EFBC}") = "Task1", "Task1.csproj", "{F4F78765-4947-4F6E-B832-466BD257B865}"
EndProject
Global
	GlobalSection(SolutionConfigurationPlatforms) = preSolution
		Debug|Any CPU = Debug|Any CPU
		Release|Any CPU = Release|Any CPU
	EndGlobalSection
	GlobalSection(ProjectConfigurationPlatforms) = postSolution
		{F4F78765-4947-4F6E-B832-466BD257B865}.Debug|Any CPU.ActiveCfg = Debug|Any CPU
		{F4F78765-4947-4F6E-B832-466BD257B865}.Debug|Any CPU.Build.0 = Debug|Any CPU
		{F4F78765-4947-4F6E-B832-466BD257B865}.Release|Any CPU.ActiveCfg = Release|Any CPU
		{F4F78765-4947-4F6E-B832-466BD257B865}.Release|Any CPU.Build.0 = Release|Any CPU
	EndGlobalSection
	GlobalSection(SolutionProperties) = preSolution
		HideSolutionNode = FALSE
	EndGlobalSection
	GlobalSection(ExtensibilityGlobals) = postSolution
		SolutionGuid = {2DB44F35-E901-4BD1-9A14-611C2C3DFA5A}
	EndGlobalSection
EndGlobal
