
Microsoft Visual Studio Solution File, Format Version 12.00
# Visual Studio Version 17
VisualStudioVersion = 17.13.35919.96 d17.13
MinimumVisualStudioVersion = 10.0.40219.1
Project("{FAE04EC0-301F-11D3-BF4B-00C04F79EFBC}") = "Task 1", "Task 1.csproj", "{D8D7A6BB-42D7-4862-976C-EC0ABB66C605}"
EndProject
Project("{FAE04EC0-301F-11D3-BF4B-00C04F79EFBC}") = "Task 2", "..\Task 2\Task 2.csproj", "{CBB7DACC-11EE-4787-9A6E-914CE4970D34}"
EndProject
Project("{FAE04EC0-301F-11D3-BF4B-00C04F79EFBC}") = "Task 3", "..\Task 3\Task 3.csproj", "{61EE61CC-03FA-48EF-84B1-BF15F7C4883A}"
EndProject
Project("{FAE04EC0-301F-11D3-BF4B-00C04F79EFBC}") = "Task 4", "..\Task 4\Task 4.csproj", "{22A20CFB-EB24-4BF0-ABA6-A7E132047E8E}"
EndProject
Project("{FAE04EC0-301F-11D3-BF4B-00C04F79EFBC}") = "Task5", "..\Task5\Task5.csproj", "{EA1B0F16-4E56-4DAD-9943-AB35DDB36BA6}"
EndProject
Project("{FAE04EC0-301F-11D3-BF4B-00C04F79EFBC}") = "Task 6", "..\Task 6\Task 6.csproj", "{3F28F195-509F-4B08-BD6C-107CFA8F1B1B}"
EndProject
Project("{FAE04EC0-301F-11D3-BF4B-00C04F79EFBC}") = "Task 7", "..\Task 7\Task 7.csproj", "{6DED32D6-1A72-4F19-A586-2D1F85A9F81C}"
EndProject
Project("{FAE04EC0-301F-11D3-BF4B-00C04F79EFBC}") = "Task 8", "..\Task 8\Task 8.csproj", "{9A2CD806-481F-4FFC-AC31-E152604E88A8}"
EndProject
Global
	GlobalSection(SolutionConfigurationPlatforms) = preSolution
		Debug|Any CPU = Debug|Any CPU
		Release|Any CPU = Release|Any CPU
	EndGlobalSection
	GlobalSection(ProjectConfigurationPlatforms) = postSolution
		{D8D7A6BB-42D7-4862-976C-EC0ABB66C605}.Debug|Any CPU.ActiveCfg = Debug|Any CPU
		{D8D7A6BB-42D7-4862-976C-EC0ABB66C605}.Debug|Any CPU.Build.0 = Debug|Any CPU
		{D8D7A6BB-42D7-4862-976C-EC0ABB66C605}.Release|Any CPU.ActiveCfg = Release|Any CPU
		{D8D7A6BB-42D7-4862-976C-EC0ABB66C605}.Release|Any CPU.Build.0 = Release|Any CPU
		{CBB7DACC-11EE-4787-9A6E-914CE4970D34}.Debug|Any CPU.ActiveCfg = Debug|Any CPU
		{CBB7DACC-11EE-4787-9A6E-914CE4970D34}.Debug|Any CPU.Build.0 = Debug|Any CPU
		{CBB7DACC-11EE-4787-9A6E-914CE4970D34}.Release|Any CPU.ActiveCfg = Release|Any CPU
		{CBB7DACC-11EE-4787-9A6E-914CE4970D34}.Release|Any CPU.Build.0 = Release|Any CPU
		{61EE61CC-03FA-48EF-84B1-BF15F7C4883A}.Debug|Any CPU.ActiveCfg = Debug|Any CPU
		{61EE61CC-03FA-48EF-84B1-BF15F7C4883A}.Debug|Any CPU.Build.0 = Debug|Any CPU
		{61EE61CC-03FA-48EF-84B1-BF15F7C4883A}.Release|Any CPU.ActiveCfg = Release|Any CPU
		{61EE61CC-03FA-48EF-84B1-BF15F7C4883A}.Release|Any CPU.Build.0 = Release|Any CPU
		{22A20CFB-EB24-4BF0-ABA6-A7E132047E8E}.Debug|Any CPU.ActiveCfg = Debug|Any CPU
		{22A20CFB-EB24-4BF0-ABA6-A7E132047E8E}.Debug|Any CPU.Build.0 = Debug|Any CPU
		{22A20CFB-EB24-4BF0-ABA6-A7E132047E8E}.Release|Any CPU.ActiveCfg = Release|Any CPU
		{22A20CFB-EB24-4BF0-ABA6-A7E132047E8E}.Release|Any CPU.Build.0 = Release|Any CPU
		{EA1B0F16-4E56-4DAD-9943-AB35DDB36BA6}.Debug|Any CPU.ActiveCfg = Debug|Any CPU
		{EA1B0F16-4E56-4DAD-9943-AB35DDB36BA6}.Debug|Any CPU.Build.0 = Debug|Any CPU
		{EA1B0F16-4E56-4DAD-9943-AB35DDB36BA6}.Release|Any CPU.ActiveCfg = Release|Any CPU
		{EA1B0F16-4E56-4DAD-9943-AB35DDB36BA6}.Release|Any CPU.Build.0 = Release|Any CPU
		{3F28F195-509F-4B08-BD6C-107CFA8F1B1B}.Debug|Any CPU.ActiveCfg = Debug|Any CPU
		{3F28F195-509F-4B08-BD6C-107CFA8F1B1B}.Debug|Any CPU.Build.0 = Debug|Any CPU
		{3F28F195-509F-4B08-BD6C-107CFA8F1B1B}.Release|Any CPU.ActiveCfg = Release|Any CPU
		{3F28F195-509F-4B08-BD6C-107CFA8F1B1B}.Release|Any CPU.Build.0 = Release|Any CPU
		{6DED32D6-1A72-4F19-A586-2D1F85A9F81C}.Debug|Any CPU.ActiveCfg = Debug|Any CPU
		{6DED32D6-1A72-4F19-A586-2D1F85A9F81C}.Debug|Any CPU.Build.0 = Debug|Any CPU
		{6DED32D6-1A72-4F19-A586-2D1F85A9F81C}.Release|Any CPU.ActiveCfg = Release|Any CPU
		{6DED32D6-1A72-4F19-A586-2D1F85A9F81C}.Release|Any CPU.Build.0 = Release|Any CPU
		{9A2CD806-481F-4FFC-AC31-E152604E88A8}.Debug|Any CPU.ActiveCfg = Debug|Any CPU
		{9A2CD806-481F-4FFC-AC31-E152604E88A8}.Debug|Any CPU.Build.0 = Debug|Any CPU
		{9A2CD806-481F-4FFC-AC31-E152604E88A8}.Release|Any CPU.ActiveCfg = Release|Any CPU
		{9A2CD806-481F-4FFC-AC31-E152604E88A8}.Release|Any CPU.Build.0 = Release|Any CPU
	EndGlobalSection
	GlobalSection(SolutionProperties) = preSolution
		HideSolutionNode = FALSE
	EndGlobalSection
	GlobalSection(ExtensibilityGlobals) = postSolution
		SolutionGuid = {82F2DD07-4636-43ED-B626-AEB49E3B3BD6}
	EndGlobalSection
EndGlobal
